
Microsoft Visual Studio Solution File, Format Version 12.00
# Visual Studio Version 17
VisualStudioVersion = 17.10.35122.118
MinimumVisualStudioVersion = 10.0.40219.1
Project("{FAE04EC0-301F-11D3-BF4B-00C04F79EFBC}") = "PictureViewer", "PictureViewer.csproj", "{933159BC-6CB1-45E2-8FDE-E49D8A77CB7A}"
EndProject
Global
	GlobalSection(SolutionConfigurationPlatforms) = preSolution
		Debug|Any CPU = Debug|Any CPU
		Release|Any CPU = Release|Any CPU
	EndGlobalSection
	GlobalSection(ProjectConfigurationPlatforms) = postSolution
		{933159BC-6CB1-45E2-8FDE-E49D8A77CB7A}.Debug|Any CPU.ActiveCfg = Debug|Any CPU
		{933159BC-6CB1-45E2-8FDE-E49D8A77CB7A}.Debug|Any CPU.Build.0 = Debug|Any CPU
		{933159BC-6CB1-45E2-8FDE-E49D8A77CB7A}.Release|Any CPU.ActiveCfg = Release|Any CPU
		{933159BC-6CB1-45E2-8FDE-E49D8A77CB7A}.Release|Any CPU.Build.0 = Release|Any CPU
	EndGlobalSection
	GlobalSection(SolutionProperties) = preSolution
		HideSolutionNode = FALSE
	EndGlobalSection
	GlobalSection(ExtensibilityGlobals) = postSolution
		SolutionGuid = {FA83419D-DF5C-4480-8356-F6DAC35C98EC}
	EndGlobalSection
EndGlobal
